version = 1
project = "defer"
ir_kind = "ec"
ec_path = "apps/defer/external-contracts"
inventory_path = "apps/defer/aw.toml"
generated_at = "2026-07-21T00:01:53.552737+00:00"
ir_digest = "sha256:03e391da5190936ccc69cbb572452837d7fb7d25875487e5f02e4f180e1e38a1"
source_digest = "sha256:6361e6ec25cebb18be72ced7e950d10698660a99d9daf2560df52e8f0bac0596"
tool_contracts = []

[[sources]]
path = "apps/defer/external-contracts/behavior/2213.md"
digest = "sha256:ca45612fb08f79035a9fd191b53c4224213ea32539acc5aad2d4e61acfd5ee02"

[[sources]]
path = "apps/defer/external-contracts/behavior/2214.md"
digest = "sha256:5b09614500d360e84a2f3397aa7e3922ffaf526d4778e17058a97db5e82f954a"

[[sources]]
path = "apps/defer/external-contracts/behavior/2215.md"
digest = "sha256:6aca9910f334161b68aaff9876983e2f74bc8e00faa2fbb163adcdbd6eef9011"

[[sources]]
path = "apps/defer/external-contracts/behavior/2216.md"
digest = "sha256:5d514c74eda9c84d861606881fba4682a79f9a538dfcd9631eb739fb95a218d8"

[[sources]]
path = "apps/defer/external-contracts/behavior/2217.md"
digest = "sha256:ea4c2bd0397508da8974d8b9213d17e409b434d2a5c983c2656b47f9b1e473aa"

[[sources]]
path = "apps/defer/external-contracts/behavior/766.md"
digest = "sha256:5c9515ebb1dc72ef284111481535e6512604a0cd28ab46b0f727504ee1bb8033"

[[cases]]
id = "defer-cli-interface-conformance"
capability_id = "cli-interface"
claim_id = "defer-cli-convention-and-task-verbs"
contract_id = "standard-domain-cli-offline-spec-and-render-contract"
dimension = "behavior"
source_ref = "apps/defer/external-contracts/behavior/2213.md#defer-cli-interface-conformance"
test_path = "apps/defer/tests/behavior_defer_cli_interface_conformance.rs"
command = "cargo test -p defer --test cli_contract -- --nocapture"
required_for_production = true
assertions = [
    "`defer --help` exits successfully and exposes the standard `llm`, `upgrade`, and `issue` commands together with `serve`, `spec`, `queue`, `task`, `dispatch`, `backup`, `k8s`, and `dockerfile`; independent `task --help` and `queue --help` observations must include create/status/cancel and get/put/control respectively.",
    "`defer llm --topic outline` runs while every HTTP(S)/ALL proxy variable points at a local connection trap, makes zero network connections, advertises workflow/API/delivery/HA/auth topics, and terminates with `next: done`.",
    "`defer spec --format openapi` emits the queue-task route and a terminal marker, while TypeScript generation must produce exactly types.ts, runtime.ts, client.ts, hooks.ts, and index.ts; client.ts must contain createDeferClient plus taskCreate/taskStatus/taskCancel route functions, so an arbitrary non-empty placeholder fails.",
    "Source/release Dockerfile and CRD/operator/prod-instance render commands each have their exit status asserted before content inspection and emit the expected lifecycle-layer kinds; `defer serve --help` exposes the shared pretty/json log-format policy.",
]
evidence_digest = "sha256:e3b0c44298fc1c149afbf4c8996fb92427ae41e4649b934ca495991b7852b855"
evaluator_digest = "sha256:e3b0c44298fc1c149afbf4c8996fb92427ae41e4649b934ca495991b7852b855"
digest = "sha256:807386c5ec22f33ee93af303f4ddee49a70e5b0a3daaff9e45b22e2662e88f19"

[[cases]]
id = "defer-cli-interface-efficiency"
capability_id = "cli-interface"
claim_id = "defer-cli-convention-and-task-verbs"
contract_id = "bounded-offline-cli-and-codegen-latency"
dimension = "efficiency"
source_ref = "apps/defer/external-contracts/behavior/2213.md#defer-cli-interface-efficiency"
test_path = "apps/defer/tests/efficiency_defer_cli_interface_efficiency.rs"
command = "cargo test --release -p defer --test cli_efficiency -- --ignored --nocapture"
required_for_production = true
assertions = [
    "After one warmup per operation, the release binary completes at least 20 measured offline operations spanning help, llm outline, OpenAPI emission, and TypeScript generation with zero command failures and non-empty contract output.",
    "The emitted numeric report includes operation count, median, p95, and p99 latency; median must be <= 250 ms and p99 <= 750 ms on the local gate host, and missing metrics or a zero-operation report fails.",
    "Every measured codegen operation validates the exact five-file TypeScript output and Defer task client methods, so faster placeholder or empty generation cannot satisfy the efficiency threshold.",
]
evidence_digest = "sha256:e3b0c44298fc1c149afbf4c8996fb92427ae41e4649b934ca495991b7852b855"
evaluator_digest = "sha256:e3b0c44298fc1c149afbf4c8996fb92427ae41e4649b934ca495991b7852b855"
digest = "sha256:46e50c37b660e77b6c3a40d6e12fd463f597fc937605ac4829fd2a1a0e8430b2"

[[cases]]
id = "defer-cli-interface-stability"
capability_id = "cli-interface"
claim_id = "defer-cli-convention-and-task-verbs"
contract_id = "repeated-offline-cli-determinism-and-resource-plateau"
dimension = "stability"
source_ref = "apps/defer/external-contracts/behavior/2213.md#defer-cli-interface-stability"
test_path = "apps/defer/tests/stability_defer_cli_interface_stability.rs"
command = "cargo test --release -p defer --test cli_stability -- --ignored --nocapture"
required_for_production = true
assertions = [
    "Sixty-four repeated rounds of help, llm outline, OpenAPI emission, and source-Dockerfile rendering complete with zero failures and byte-identical stdout for each operation; a nondeterministic or partial output fails.",
    "Sixteen additional TypeScript generation rounds produce byte-identical exact five-file outputs, and every temporary output directory disappears after its round rather than accumulating state.",
    "The full repeated gate completes within 60 seconds and reports file-descriptor growth <= 8 when the host exposes an FD inventory; a missing progress count, leaked child/temp state, breached bound, or skipped ignored test fails.",
]
evidence_digest = "sha256:e3b0c44298fc1c149afbf4c8996fb92427ae41e4649b934ca495991b7852b855"
evaluator_digest = "sha256:e3b0c44298fc1c149afbf4c8996fb92427ae41e4649b934ca495991b7852b855"
digest = "sha256:c255d2ef681e883c47153b7a36d63b478a4bfd38ea3dd63e5c2a4f0104cc5914"

[[cases]]
id = "defer-competitor-durable-ha"
capability_id = "competitor-feature-parity"
claim_id = "delayed-task-competitor-feature-matrix"
contract_id = "replicated-scheduler-state-and-repeated-failover"
dimension = "behavior"
source_ref = "apps/defer/external-contracts/behavior/2216.md#defer-competitor-durable-ha"
test_path = "apps/defer/tests/behavior_defer_competitor_durable_ha.rs"
command = "cargo test -p defer --test raft_scheduler -- --nocapture"
required_for_production = true
assertions = [
    "A real three-node Raft cluster commits queue and task state, preserves the live lease across leader loss, rejects wrong-replica and stale-epoch settlement, and only reassigns after committed expiry with a higher epoch and fresh attempt id.",
    "The failed node restarts from the same durable directory, catches up terminal state, then a second leader loss elects another primary that commits and completes a new task, proving repeated durable HA rather than a one-shot memory replay.",
    "Rate, burst, and max-in-flight limits are consumed by proposals through different followers as one committed aggregate; the next leader preserves both the sub-second rate denial and active in-flight denial, then admits work only after the committed one-second refill or exact fenced acknowledgement.",
    "A two-attempt task is nacked through a follower from Retried to DeadLettered, every live replica converges, and a killed node restarted from the same durable directory recovers one terminal task with no scheduled or in-flight residue.",
]
evidence_digest = "sha256:e3b0c44298fc1c149afbf4c8996fb92427ae41e4649b934ca495991b7852b855"
evaluator_digest = "sha256:e3b0c44298fc1c149afbf4c8996fb92427ae41e4649b934ca495991b7852b855"
digest = "sha256:2a920abf2d79bab0b4b739e9da0545a1059c3d16cf33d645772c2b418a495bf0"

[[cases]]
id = "defer-competitor-http-target-delivery"
capability_id = "competitor-feature-parity"
claim_id = "delayed-task-competitor-feature-matrix"
contract_id = "real-method-header-body-retry-idempotency-and-terminal-success"
dimension = "behavior"
source_ref = "apps/defer/external-contracts/behavior/2216.md#defer-competitor-http-target-delivery"
test_path = "apps/defer/tests/behavior_defer_competitor_http_target_delivery.rs"
command = "cargo test -p defer --test http_dispatch -- --nocapture"
required_for_production = true
assertions = [
    "A real target observes PATCH, the per-task x-defer-tenant header, and the exact JSON body on both a 503 attempt and its 204 retry; the stable queue/task idempotency key is unchanged, attempt ids are fresh, and committed status becomes Succeeded.",
    "If the target accepts HTTP 204 after the committed lease fence is lost, the stale executor reports LostOwnership and a fresh fenced attempt retries with the same idempotency key before committing success.",
    "Eight real HTTP effects complete with non-zero concurrency while observed peak in-flight work equals the configured hard bound of three.",
]
evidence_digest = "sha256:e3b0c44298fc1c149afbf4c8996fb92427ae41e4649b934ca495991b7852b855"
evaluator_digest = "sha256:e3b0c44298fc1c149afbf4c8996fb92427ae41e4649b934ca495991b7852b855"
digest = "sha256:c367c3e6570f3e73cf4b552e83552ca7227e60d95fe8fbd24f78d11afa99d12d"

[[cases]]
id = "defer-competitor-matrix-scope"
capability_id = "competitor-feature-parity"
claim_id = "delayed-task-competitor-feature-matrix"
contract_id = "managed-http-push-scope-and-explicit-exclusions"
dimension = "behavior"
source_ref = "apps/defer/external-contracts/behavior/2216.md#defer-competitor-matrix-scope"
test_path = "apps/defer/tests/behavior_defer_competitor_matrix_scope.rs"
command = "cargo test -p defer --test competitor_feature_matrix -- --nocapture"
required_for_production = true
assertions = [
    "A parsed machine-readable contract names Google Cloud Tasks as the sole managed-HTTP-push semantic competitor, classifies Celery and Sidekiq exactly as category mismatches, and requires one unique four-field row for each of the exact 15 capabilities.",
    "The exact DLQ row records that Cloud Tasks deletes retry-exhausted tasks while Defer intentionally retains an explicit replicated DeadLettered terminal; official RetryConfig and Cloud-Tasks-versus-Pub/Sub references remain named in the artifact.",
    "Force-run bypass, arbitrary worker execution, cron composition, and workflows retain exact exclusion rationales; complete assertions keep real Cloud Tasks performance unproven, VAT protocol-only, and Relay a non-substitute local overhead ceiling capped at 20%.",
]
evidence_digest = "sha256:e3b0c44298fc1c149afbf4c8996fb92427ae41e4649b934ca495991b7852b855"
evaluator_digest = "sha256:e3b0c44298fc1c149afbf4c8996fb92427ae41e4649b934ca495991b7852b855"
digest = "sha256:abaa7bade5469f85038e9ca55dd1d07cfa7a9ae7b0ff7d88cd89f60f5bcec4ae"

[[cases]]
id = "defer-competitor-performance-durable-lifecycle-ceiling"
capability_id = "competitor-performance"
claim_id = "delayed-task-competitor-performance-baseline"
contract_id = "same-host-durable-lifecycle-throughput-overhead-ceiling"
dimension = "efficiency"
source_ref = "apps/defer/external-contracts/behavior/2217.md#defer-competitor-performance-durable-lifecycle-ceiling"
test_path = "apps/defer/tests/efficiency_defer_competitor_performance_durable_lifecycle_ceiling.rs"
command = "cargo test --release -p defer --test relay_performance_ceiling -- --ignored --nocapture"
required_for_production = true
assertions = [
    "The explicitly unignored release-mode oracle completes exactly 1,000 items for both Defer and Relay in ten 100-item batches with the same exactly asserted 128-byte serialized JSON payload, one Raft voter, fsync-always durability, and durable enqueue -> committed lease -> committed ack lifecycle.",
    "Every batch hard-asserts created/published and leased counts; Defer additionally requires exactly 100 settlement outcomes and every outcome Acked(true), Relay requires exactly 100 acknowledgements, and accumulated completed and latency-sample counts must each equal 1,000 before throughput is calculated.",
    "Before emitting JSON, both sides independently require finite positive throughput, CPU, and disk amplification plus non-zero p50/p95/p99 batch-lifecycle latency, process-shared RSS, and durable disk bytes; any command error, failed count or settlement, missing sample, zero metric, NaN, infinity, or zero-operation run fails closed.",
    "The measured defer_to_relay_ratio must be at least the emitted minimum_ratio of 0.80, bounding Defer's additional ETA, queue-control, permit, retry, DLQ, and terminal-state overhead to no more than 20% under this identical local workload.",
    "The command parses an exact machine-readable benchmark contract and emits matching scope fields: Relay is the performance comparator, scope is same-host-sibling-implementation-ceiling, RSS is process-shared-not-component-isolated, the dated observation is non-authoritative, and both Cloud Tasks performance and universal superiority claims are false.",
]
evidence_digest = "sha256:e3b0c44298fc1c149afbf4c8996fb92427ae41e4649b934ca495991b7852b855"
evaluator_digest = "sha256:e3b0c44298fc1c149afbf4c8996fb92427ae41e4649b934ca495991b7852b855"
digest = "sha256:a6afc2aec590dee9753a0d4541328620f0277b48027a6bfc0f4d824b11bf4624"

[[cases]]
id = "defer-competitor-public-task-access"
capability_id = "competitor-feature-parity"
claim_id = "delayed-task-competitor-feature-matrix"
contract_id = "public-h2c-create-cancel-inspect-and-live-credentials"
dimension = "behavior"
source_ref = "apps/defer/external-contracts/behavior/2216.md#defer-competitor-public-task-access"
test_path = "apps/defer/tests/behavior_defer_competitor_public_task_access.rs"
command = "cargo test -p defer --test http_api --test service_auth -- --nocapture"
required_for_production = true
assertions = [
    "The public h2c API creates a future task with an authorized administrator, cancels it through DELETE, and lets a queue reader inspect the same id as terminal Canceled while unauthenticated task/admin requests and cross-queue access are rejected.",
    "The shipped required-auth process adopts an atomic registry replacement at the production watcher cadence, rejects the retired bearer, activates the replacement reader without restart, and emits credential-free structured audit events.",
]
evidence_digest = "sha256:e3b0c44298fc1c149afbf4c8996fb92427ae41e4649b934ca495991b7852b855"
evaluator_digest = "sha256:e3b0c44298fc1c149afbf4c8996fb92427ae41e4649b934ca495991b7852b855"
digest = "sha256:0f58c0660f4cbee5572e7fa2bc05e288824716572c9fef63c4430d32e3a256cc"

[[cases]]
id = "defer-competitor-queue-controls-and-dedupe"
capability_id = "competitor-feature-parity"
claim_id = "delayed-task-competitor-feature-matrix"
contract_id = "committed-rate-burst-concurrency-control-and-dedupe"
dimension = "behavior"
source_ref = "apps/defer/external-contracts/behavior/2216.md#defer-competitor-queue-controls-and-dedupe"
test_path = "apps/defer/tests/behavior_defer_competitor_queue_controls_and_dedupe.rs"
command = "cargo test -p defer --test rate_limits -- --nocapture"
required_for_production = true
assertions = [
    "Exactly eight deterministic single-scheduler queue-policy tests execute and enforce per-tick budget, token-bucket rate and burst timing, expired-lease reclaim, queue-local policy updates, pause/resume isolation, and disabled-queue create/dispatch rejection.",
    "A batch containing an existing task id fails atomically without inserting either surrounding task, and batch settlement rejects the wrong executor and stale epoch before accepting the exact current fence.",
]
evidence_digest = "sha256:e3b0c44298fc1c149afbf4c8996fb92427ae41e4649b934ca495991b7852b855"
evaluator_digest = "sha256:e3b0c44298fc1c149afbf4c8996fb92427ae41e4649b934ca495991b7852b855"
digest = "sha256:59739f57a744a4f19c55e98d4d031848ef3dbd8c09e987ad4c6b7271ccc75866"

[[cases]]
id = "defer-competitor-target-signing"
capability_id = "competitor-feature-parity"
claim_id = "delayed-task-competitor-feature-matrix"
contract_id = "cloud-neutral-target-authentication-with-independent-negatives"
dimension = "behavior"
source_ref = "apps/defer/external-contracts/behavior/2216.md#defer-competitor-target-signing"
test_path = "apps/defer/tests/behavior_defer_competitor_target_signing.rs"
command = "cargo test -p defer --test http_dispatch_signing -- --nocapture"
required_for_production = true
assertions = [
    "An independent target-side oracle recomputes exact length-delimited HMAC-SHA256 for two retry attempts, requires the stable idempotency key and fresh attempt id, and accepts both production signatures under the declared key id.",
    "Mutating idempotency key, attempt id, target URL, timestamp, or body bytes, or using a wrong key id or secret, causes rejection; HMAC is the intentional cloud-neutral target-auth contract rather than an OAuth/OIDC copy.",
]
evidence_digest = "sha256:e3b0c44298fc1c149afbf4c8996fb92427ae41e4649b934ca495991b7852b855"
evaluator_digest = "sha256:e3b0c44298fc1c149afbf4c8996fb92427ae41e4649b934ca495991b7852b855"
digest = "sha256:86171a274ff5120c1577503d70df97b756d70bdbdf35c7d96d95236f4d26f7a6"

[[cases]]
id = "defer-competitor-task-lifecycle"
capability_id = "competitor-feature-parity"
claim_id = "delayed-task-competitor-feature-matrix"
contract_id = "eta-priority-retry-dlq-cancel-and-terminal-state"
dimension = "behavior"
source_ref = "apps/defer/external-contracts/behavior/2216.md#defer-competitor-task-lifecycle"
test_path = "apps/defer/tests/behavior_defer_competitor_task_lifecycle.rs"
command = "cargo test -p defer --test task_lifecycle -- --nocapture"
required_for_production = true
assertions = [
    "Exactly five lifecycle tests execute: ETA eligibility precedes priority, due tasks use descending priority with FIFO ties, and queue concurrency permits cap dispatch until terminal acknowledgement frees capacity.",
    "A failed attempt is unavailable before backoff, retries with attempt two at the due instant, then enters explicit DeadLettered state at max attempts; cancellation prevents dispatch and remains inspectable as Canceled.",
]
evidence_digest = "sha256:e3b0c44298fc1c149afbf4c8996fb92427ae41e4649b934ca495991b7852b855"
evaluator_digest = "sha256:e3b0c44298fc1c149afbf4c8996fb92427ae41e4649b934ca495991b7852b855"
digest = "sha256:7db75a27a7b0af019be636394b60f621ba850d653860a860dedab8e31da616a7"

[[cases]]
id = "defer-delayed-task-kind-pvc-recovery"
capability_id = "long-running-stability"
claim_id = "delayed-task-soak-and-recovery"
contract_id = "operator-pvc-pod-replacement-and-post-recovery-mutation"
dimension = "stability"
source_ref = "apps/defer/external-contracts/behavior/2214.md#defer-delayed-task-kind-pvc-recovery"
test_path = "apps/defer/tests/stability_defer_delayed_task_kind_pvc_recovery.rs"
command = "bash apps/defer/scripts/kind-e2e.sh"
required_for_production = true
assertions = [
    "The gate requires Docker, Kind, kubectl, curl, and jq; it creates a disposable cluster, builds and loads the real source image, installs the Defer CRD/operator, reconciles a single-shard StatefulSet, and waits until its PVC is Bound with an exact 1Gi request and capacity before exercising the API.",
    "Two future-scheduled tasks committed through the public batch API are visible before replacement; deleting the serving pod must produce a different pod UID, regain readiness, and recover the same queue inventory and task identity from PVC-backed Raft state.",
    "After recovery, queue pause and task cancellation both commit, the canceled task becomes terminal Canceled, queue accounting remains two records with one terminal record, and a successful gate requires cluster deletion plus an explicit absence check unless preservation was requested.",
]
evidence_digest = "sha256:e3b0c44298fc1c149afbf4c8996fb92427ae41e4649b934ca495991b7852b855"
evaluator_digest = "sha256:e3b0c44298fc1c149afbf4c8996fb92427ae41e4649b934ca495991b7852b855"
digest = "sha256:5cb988cb7e3c8463fe62e665d32f415cf16b46e1651c270579e45e3ee48727f8"

[[cases]]
id = "defer-delayed-task-live-soak"
capability_id = "long-running-stability"
claim_id = "delayed-task-soak-and-recovery"
contract_id = "fixed-keyspace-retry-soak-resource-and-latency-plateau"
dimension = "stability"
source_ref = "apps/defer/external-contracts/behavior/2214.md#defer-delayed-task-live-soak"
test_path = "apps/defer/tests/stability_defer_delayed_task_live_soak.rs"
command = "DEFER_SOAK_AUTOSTART=1 bash apps/defer/scripts/soak.sh"
required_for_production = true
assertions = [
    "The gate autostarts an isolated real Defer process, creates exactly one terminal success and one continuously retrying HTTP-404 task in a fixed queue, crosses the 1,024-entry proposal-cache and snapshot cadence during warmup, then reports a non-zero measured operation count with errors = 0.",
    "The committed retry counter increases during both steady windows while the successful task stays Succeeded and the fault task remains Scheduled or actively Leased, so forward progress cannot be inferred from setup or from unbounded key growth.",
    "Across two 30-second steady windows, RSS drift is <= 10%, file-descriptor growth <= 8, thread/task growth <= 4, task-read p99 is <= 250 ms with <= 100% window growth, and any missing numeric measurement or breached bound fails closed.",
]
evidence_digest = "sha256:e3b0c44298fc1c149afbf4c8996fb92427ae41e4649b934ca495991b7852b855"
evaluator_digest = "sha256:e3b0c44298fc1c149afbf4c8996fb92427ae41e4649b934ca495991b7852b855"
digest = "sha256:12d72c0065ea9c53c5daded718e952107ac1c09905a9b28190e927e5eb6850be"

[[cases]]
id = "defer-delayed-task-scheduler-efficiency"
capability_id = "long-running-stability"
claim_id = "delayed-task-soak-and-recovery"
contract_id = "durable-lifecycle-throughput-overhead-ceiling"
dimension = "efficiency"
source_ref = "apps/defer/external-contracts/behavior/2214.md#defer-delayed-task-scheduler-efficiency"
test_path = "apps/defer/tests/efficiency_defer_delayed_task_scheduler_efficiency.rs"
command = "cargo test --release -p defer --test relay_performance_ceiling -- --ignored --nocapture"
required_for_production = true
assertions = [
    "The release-mode oracle completes exactly 1,000 durable Defer operations in ten 100-item batches, where every item traverses committed enqueue, lease, and ack with zero failed settlements under single-voter Raft with fsync enabled.",
    "The emitted numeric report includes non-zero throughput, p50/p95/p99 latency, CPU time, RSS, durable disk bytes, disk amplification, and errors = 0 for both Defer and the same-host Relay control workload.",
    "Defer's measured throughput must be at least 80% of Relay's under the identical payload, batching, voter, fsync, and lifecycle shape; a zero-operation run, missing metric, error, or ratio below 0.80 fails.",
]
evidence_digest = "sha256:e3b0c44298fc1c149afbf4c8996fb92427ae41e4649b934ca495991b7852b855"
evaluator_digest = "sha256:e3b0c44298fc1c149afbf4c8996fb92427ae41e4649b934ca495991b7852b855"
digest = "sha256:93559684359e7418dfee838473e459f7df4b64ec8641eb10255029a7bd87fa61"

[[cases]]
id = "defer-delayed-task-state-recovery"
capability_id = "long-running-stability"
claim_id = "delayed-task-soak-and-recovery"
contract_id = "committed-lifecycle-rate-and-raft-failover-recovery"
dimension = "behavior"
source_ref = "apps/defer/external-contracts/behavior/2214.md#defer-delayed-task-state-recovery"
test_path = "apps/defer/tests/behavior_defer_delayed_task_state_recovery.rs"
command = "cargo test -p defer --test task_lifecycle --test rate_limits --test raft_scheduler -- --nocapture"
required_for_production = true
assertions = [
    "The complete lifecycle and queue-policy suites make non-zero progress and preserve ETA-before-priority ordering, FIFO within equal priority, bounded dispatch/concurrency, retry-to-DLQ, cancellation, queue-local rate buckets, pause/resume/disable control, atomic batch rejection, and stale-executor settlement rejection.",
    "A real three-node h2c Raft cluster commits queue and task state, rejects settlement by a replica that does not own the lease, survives leader loss with the live lease preserved, rejects the abandoned stale fence, and only reassigns after committed expiry with a higher epoch and fresh attempt id.",
    "After the original node restarts from durable state it converges on both terminal tasks; a second leader loss elects a different leader that commits and completes another task, proving repeated failover recovery rather than a one-shot in-memory replay.",
]
evidence_digest = "sha256:e3b0c44298fc1c149afbf4c8996fb92427ae41e4649b934ca495991b7852b855"
evaluator_digest = "sha256:e3b0c44298fc1c149afbf4c8996fb92427ae41e4649b934ca495991b7852b855"
digest = "sha256:c7914afe2fe7dd46fb46911b68e0e65d9d9875638cb1b43ca9c14c206eef13d7"

[[cases]]
id = "defer-http-dispatch-and-retries"
capability_id = "http-dispatch-and-retries"
claim_id = "http-target-attempt-contract"
contract_id = "manual-dispatch-route-terminal-state-and-recovery"
dimension = "behavior"
source_ref = "apps/defer/external-contracts/behavior/766.md#defer-http-dispatch-and-retries"
test_path = "apps/defer/tests/behavior_defer_http_dispatch_and_retries.rs"
command = "cargo test -p defer --test http_api -- --nocapture"
required_for_production = true
assertions = [
    "POST /v1/queues/{queue}/dispatch on a due task returns a JSON dispatch report with target_status 204 for the real HTTP target, and the public task GET route then reports status Succeeded for that exact task id.",
    "The manual dispatch route increments the public metrics surface so /metrics contains defer_dispatch_acked_total 1 after the committed success.",
    "A backup taken after the manual dispatch can seed a fresh raft store, and the recovered public task state still reports the same terminal Succeeded outcome instead of replaying or dropping the committed dispatch result.",
]
evidence_digest = "sha256:e3b0c44298fc1c149afbf4c8996fb92427ae41e4649b934ca495991b7852b855"
evaluator_digest = "sha256:e3b0c44298fc1c149afbf4c8996fb92427ae41e4649b934ca495991b7852b855"
digest = "sha256:d9b1c3846b2f5098e3e6e7b04171493372d1eca40cd99d7a25313992a449d961"

[[cases]]
id = "defer-http-dispatch-efficiency-ceiling"
capability_id = "http-dispatch-and-retries"
claim_id = "http-target-attempt-contract"
contract_id = "same-host-durable-dispatch-overhead-ceiling"
dimension = "efficiency"
source_ref = "apps/defer/external-contracts/behavior/766.md#defer-http-dispatch-efficiency-ceiling"
test_path = "apps/defer/tests/efficiency_defer_http_dispatch_efficiency_ceiling.rs"
command = "cargo test --release -p defer --test relay_performance_ceiling -- --ignored --nocapture"
required_for_production = true
assertions = [
    "Under the declared single-voter durable lifecycle workload (durable enqueue -> committed lease -> committed ack), Defer throughput is non-zero and reported together with p50/p95/p99, CPU, RSS, disk bytes, amplification, and error counts.",
    "The measured report includes errors = 0 for both sides and enforces defer_to_relay_ratio >= 0.80 as the bounded scheduler overhead ceiling for Defer relative to Relay on the same host.",
    "The efficiency oracle is the emitted numeric report and hard threshold, not a qualitative statement about Defer being fast enough.",
]
evidence_digest = "sha256:e3b0c44298fc1c149afbf4c8996fb92427ae41e4649b934ca495991b7852b855"
evaluator_digest = "sha256:e3b0c44298fc1c149afbf4c8996fb92427ae41e4649b934ca495991b7852b855"
digest = "sha256:6c04f12583bda1636855ed858aee876dc4be5f0f4f01355598ea2345cc42a6d3"

[[cases]]
id = "defer-http-dispatch-retry-dlq-and-lost-fence"
capability_id = "http-dispatch-and-retries"
claim_id = "http-target-attempt-contract"
contract_id = "retry-dlq-lost-fence-and-stable-idempotency"
dimension = "behavior"
source_ref = "apps/defer/external-contracts/behavior/766.md#defer-http-dispatch-retry-dlq-and-lost-fence"
test_path = "apps/defer/tests/behavior_defer_http_dispatch_retry_dlq_and_lost_fence.rs"
command = "cargo test -p defer --test http_dispatch -- --nocapture && cargo test -p defer --test task_lifecycle nack_reschedules_then_dead_letters_after_max_attempts -- --nocapture"
required_for_production = true
assertions = [
    "A real HTTP target 503 causes a committed retry, the next delivery reuses the stable idempotency key queue/task_id, and each delivery carries a fresh attempt id before the eventual committed Acked disposition.",
    "If a target may have accepted the effect but the executor loses its committed fence before settlement, Defer reports LostOwnership and only a later fenced retry may commit the terminal success.",
    "When max_attempts is exhausted, the second nack commits DeadLettered and the public scheduler state for that queue/task becomes terminal DeadLettered rather than remaining leased or requeueing forever.",
    "Shared-executor dispatch stays bounded: the dispatcher pass does not exceed the configured hard concurrency cap while still making non-zero progress.",
]
evidence_digest = "sha256:e3b0c44298fc1c149afbf4c8996fb92427ae41e4649b934ca495991b7852b855"
evaluator_digest = "sha256:e3b0c44298fc1c149afbf4c8996fb92427ae41e4649b934ca495991b7852b855"
digest = "sha256:7c111df36ff8cfc163500ae2160089f9584f2a26dcde32e01634ae8c22a5d7c9"

[[cases]]
id = "defer-http-dispatch-retry-soak-stability"
capability_id = "http-dispatch-and-retries"
claim_id = "http-target-attempt-contract"
contract_id = "bounded-retry-soak-fixed-state-plateau"
dimension = "stability"
source_ref = "apps/defer/external-contracts/behavior/766.md#defer-http-dispatch-retry-soak-stability"
test_path = "apps/defer/tests/stability_defer_http_dispatch_retry_soak_stability.rs"
command = "DEFER_SOAK_AUTOSTART=1 bash apps/defer/scripts/soak.sh"
required_for_production = true
assertions = [
    "The fixed-keyspace soak must make non-zero progress, report errors = 0, keep the committed success task terminally Succeeded, and keep a second real HTTP-404 task retryable rather than silently dropping or dead-lettering it early.",
    "With the soak queue's explicit zero-delay retry policy, the committed retry counter must increase in each measured window, proving that lease, HTTP fault, nack, and rescheduling continue to make progress throughout the soak instead of being inferred from a one-shot setup attempt; non-zero backoff timing remains covered by the lifecycle test.",
    "Across the two steady windows the soak enforces measurable stability thresholds: RSS drift <= 10%, file-descriptor growth <= 8, thread/task growth <= 4, and p99 <= 250ms with no more than 100% growth between windows.",
    "The stability oracle is bounded fault/retry-soak evidence from the script output, not an unmeasured claim that retries are stable over time.",
]
evidence_digest = "sha256:e3b0c44298fc1c149afbf4c8996fb92427ae41e4649b934ca495991b7852b855"
evaluator_digest = "sha256:e3b0c44298fc1c149afbf4c8996fb92427ae41e4649b934ca495991b7852b855"
digest = "sha256:1a423e2fc5d4e33320040498ca5a4128e0e4f12116d3221d41b36332eb3315b8"

[[cases]]
id = "defer-http-dispatch-signing-oracle-and-negatives"
capability_id = "http-dispatch-and-retries"
claim_id = "http-target-attempt-contract"
contract_id = "exact-hmac-oracle-attempt-binding-and-negative-cases"
dimension = "behavior"
source_ref = "apps/defer/external-contracts/behavior/766.md#defer-http-dispatch-signing-oracle-and-negatives"
test_path = "apps/defer/tests/behavior_defer_http_dispatch_signing_oracle_and_negatives.rs"
command = "cargo test -p defer --test http_dispatch_signing -- --nocapture"
required_for_production = true
assertions = [
    "The target-side oracle recomputes HMAC-SHA256 over the exact length-delimited field sequence [idempotency_key, attempt_id, target_url, timestamp_ms, exact JSON body bytes] and the received x-defer-signature must match exactly, not merely start with v1=.",
    "A retry preserves the same idempotency key but changes attempt_id, so the recomputed signature changes with the fresh attempt identity while still validating under the shared secret.",
    "Tampering with any signed field or the exact received body bytes causes the oracle to reject the signature instead of accepting a stale or partially matching header.",
    "Using the wrong key id or wrong secret is a negative case that must fail verification; Defer may not claim signed-target integrity until this executable oracle passes.",
]
evidence_digest = "sha256:e3b0c44298fc1c149afbf4c8996fb92427ae41e4649b934ca495991b7852b855"
evaluator_digest = "sha256:e3b0c44298fc1c149afbf4c8996fb92427ae41e4649b934ca495991b7852b855"
digest = "sha256:0afc77c375b900afd3414d3188a8c0de78784d4823f45062747b29d405c73fb8"

[[cases]]
id = "defer-security-admission-boundary"
capability_id = "security-hardening"
claim_id = "delayed-task-security-boundary"
contract_id = "bounded-write-admission-with-probe-exemption"
dimension = "behavior"
source_ref = "apps/defer/external-contracts/behavior/2215.md#defer-security-admission-boundary"
test_path = "apps/defer/tests/behavior_defer_security_admission_boundary.rs"
command = "cargo test -p defer --test service_admission -- --nocapture"
required_for_production = true
assertions = [
    "A configured one-write capacity allows the first queue mutation, rejects the second with HTTP 429 and Retry-After 60, and does not rate-limit the health probe.",
    "When admission is not configured, two successive queue mutations remain accepted, proving that the rejection comes from the explicit shared policy rather than incidental handler state.",
]
evidence_digest = "sha256:e3b0c44298fc1c149afbf4c8996fb92427ae41e4649b934ca495991b7852b855"
evaluator_digest = "sha256:e3b0c44298fc1c149afbf4c8996fb92427ae41e4649b934ca495991b7852b855"
digest = "sha256:86c2311baaab77b6a9b44621ac98ccb898d0611fd0e5a30736b174a527ebb5a2"

[[cases]]
id = "defer-security-auth-http-boundary"
capability_id = "security-hardening"
claim_id = "delayed-task-security-boundary"
contract_id = "required-bearer-queue-rbac-and-tokenless-probes"
dimension = "behavior"
source_ref = "apps/defer/external-contracts/behavior/2215.md#defer-security-auth-http-boundary"
test_path = "apps/defer/tests/behavior_defer_security_auth_http_boundary.rs"
command = "cargo test -p defer --test http_api -- --nocapture"
required_for_production = true
assertions = [
    "With required auth, a missing bearer receives 401 on the queue surface, a jobs-only reader can read jobs but receives 403 on both jobs mutation and another tenant's queue, and a wildcard administrator can mutate both queues.",
    "On that same required-auth h2c process, health, readiness, docs, OpenAPI, and metrics remain live without a token while unauthenticated task creation and admin backup receive 401 and a queue reader receives 403 on admin backup.",
]
evidence_digest = "sha256:e3b0c44298fc1c149afbf4c8996fb92427ae41e4649b934ca495991b7852b855"
evaluator_digest = "sha256:e3b0c44298fc1c149afbf4c8996fb92427ae41e4649b934ca495991b7852b855"
digest = "sha256:b3eaa41de75864dc2ee7c86d67821c0faba99202825639727fa33d5e35ae72e9"

[[cases]]
id = "defer-security-credential-rotation-stability"
capability_id = "security-hardening"
claim_id = "delayed-task-security-boundary"
contract_id = "live-rotation-and-last-known-good-role-map"
dimension = "stability"
source_ref = "apps/defer/external-contracts/behavior/2215.md#defer-security-credential-rotation-stability"
test_path = "apps/defer/tests/stability_defer_security_credential_rotation.rs"
command = "cargo test -p defer --test service_auth -- --nocapture"
required_for_production = true
assertions = [
    "A shipped defer serve process with required auth observes an atomic registry-file replacement through the production 15-second watcher cadence, invalidates the old bearer, and activates the new queue reader without restart.",
    "Malformed replacement JSON is rejected while the last-known-good reader remains authenticated for read and denied for write.",
    "The process-level rotation and denial emit credential_registry_reload and authorization_decision events through Defer's configured JSON tracing sink, and captured logs contain neither the old nor new bearer bytes.",
]
evidence_digest = "sha256:e3b0c44298fc1c149afbf4c8996fb92427ae41e4649b934ca495991b7852b855"
evaluator_digest = "sha256:e3b0c44298fc1c149afbf4c8996fb92427ae41e4649b934ca495991b7852b855"
digest = "sha256:725fa7a404ade3ff640d70ea6325ba91f6bfff6efd48707b64a86ad553aff776"

[[cases]]
id = "defer-security-dispatch-fencing"
capability_id = "security-hardening"
claim_id = "delayed-task-security-boundary"
contract_id = "stable-idempotency-fresh-attempt-and-lost-fence-boundary"
dimension = "behavior"
source_ref = "apps/defer/external-contracts/behavior/2215.md#defer-security-dispatch-fencing"
test_path = "apps/defer/tests/behavior_defer_security_dispatch_fencing.rs"
command = "cargo test -p defer --test http_dispatch -- --nocapture"
required_for_production = true
assertions = [
    "A retry keeps the stable queue/task idempotency key but receives a fresh attempt id, and an HTTP effect whose executor lost the committed fence reports LostOwnership instead of committing a stale success.",
    "The shared executor still makes non-zero progress without exceeding its configured hard concurrency bound.",
]
evidence_digest = "sha256:e3b0c44298fc1c149afbf4c8996fb92427ae41e4649b934ca495991b7852b855"
evaluator_digest = "sha256:e3b0c44298fc1c149afbf4c8996fb92427ae41e4649b934ca495991b7852b855"
digest = "sha256:a78054933126a0cfff6ca7424aa82ca6c8bc44478bf973afa88560511f127a37"

[[cases]]
id = "defer-security-kubernetes-boundaries"
capability_id = "security-hardening"
claim_id = "delayed-task-security-boundary"
contract_id = "restricted-server-operator-secret-and-network-policy-assets"
dimension = "security"
source_ref = "apps/defer/external-contracts/behavior/2215.md#defer-security-kubernetes-boundaries"
test_path = "apps/defer/tests/security_defer_security_kubernetes_boundaries.rs"
command = "cargo test -p defer --test direct_k8s_assets -- --nocapture"
required_for_production = false
assertions = [
    "The direct StatefulSet and operator Deployment run non-root with RuntimeDefault seccomp, disallow privilege escalation, use read-only root filesystems, and drop all Linux capabilities; the StatefulSet retains its durable 10Gi PVC.",
    "kubectl kustomize must successfully render the production overlay; the rendered graph contains the read-only token registry Secret projection, a ServiceMonitor, a 100Gi durable PVC, and no HorizontalPodAutoscaler.",
    "The rendered NetworkPolicy selects only Defer server pods, declares ingress and egress policy types, and names the public HTTP 7141 and peer 7142 ports.",
]
evidence_digest = "sha256:e3b0c44298fc1c149afbf4c8996fb92427ae41e4649b934ca495991b7852b855"
evaluator_digest = "sha256:e3b0c44298fc1c149afbf4c8996fb92427ae41e4649b934ca495991b7852b855"
digest = "sha256:42950dafc878940d90816e471d6216724c68a714abe57149e6092e0aa11bf2c7"

[[cases]]
id = "defer-security-peer-mtls"
capability_id = "security-hardening"
claim_id = "delayed-task-security-boundary"
contract_id = "trusted-replication-and-attacker-ca-rejection"
dimension = "security"
source_ref = "apps/defer/external-contracts/behavior/2215.md#defer-security-peer-mtls"
test_path = "apps/defer/tests/security_defer_security_peer_mtls.rs"
command = "cargo test -p defer --test raft_peer_mtls -- --nocapture"
required_for_production = false
assertions = [
    "Three Defer peers signed by the trusted CA elect a leader and replicate a scheduled task to every node over the required authenticated listener.",
    "A client that trusts Defer's legitimate server CA but presents an identity signed by an attacker CA is rejected during the server mTLS handshake before HTTP or Raft routing.",
]
evidence_digest = "sha256:e3b0c44298fc1c149afbf4c8996fb92427ae41e4649b934ca495991b7852b855"
evaluator_digest = "sha256:e3b0c44298fc1c149afbf4c8996fb92427ae41e4649b934ca495991b7852b855"
digest = "sha256:6b14b81076ee59f560b5a9ed35298ad40d3258a10ccf03e5ef6bae6abb4f8d5c"

[[cases]]
id = "defer-security-shared-redacted-audit"
capability_id = "security-hardening"
claim_id = "delayed-task-security-boundary"
contract_id = "shared-credential-reload-and-credential-free-audit"
dimension = "security"
source_ref = "apps/defer/external-contracts/behavior/2215.md#defer-security-shared-redacted-audit"
test_path = "apps/defer/tests/security_defer_security_shared_redacted_audit.rs"
command = "cargo test -p service-auth -- --nocapture"
required_for_production = false
assertions = [
    "The shared mechanism used by Defer executes valid rotation, invalid and unreadable replacement preservation, file-watcher adoption, and typed authorization audit cases with non-zero tests.",
    "Authentication, authorization, and reload events expose stable decision context and failure classes but their typed and serialized forms cannot contain bearer credential bytes.",
]
evidence_digest = "sha256:e3b0c44298fc1c149afbf4c8996fb92427ae41e4649b934ca495991b7852b855"
evaluator_digest = "sha256:e3b0c44298fc1c149afbf4c8996fb92427ae41e4649b934ca495991b7852b855"
digest = "sha256:a5ea8baa06af15fcd801cc3127531c909786ffb98edd4b5391648153a3d28280"

[[cases]]
id = "defer-security-target-signing"
capability_id = "security-hardening"
claim_id = "delayed-task-security-boundary"
contract_id = "exact-length-delimited-hmac-and-negative-oracle"
dimension = "security"
source_ref = "apps/defer/external-contracts/behavior/2215.md#defer-security-target-signing"
test_path = "apps/defer/tests/security_defer_security_target_signing.rs"
command = "cargo test -p defer --test http_dispatch_signing -- --nocapture"
required_for_production = false
assertions = [
    "An independent target-side oracle recomputes HMAC-SHA256 over the exact length-delimited idempotency key, fresh attempt id, target URL, timestamp, and received body bytes for both a retry and its success.",
    "Changing any signed field or body byte, using the wrong key id, or using the wrong secret causes rejection; retry preserves the idempotency key while changing both attempt id and signature.",
]
evidence_digest = "sha256:e3b0c44298fc1c149afbf4c8996fb92427ae41e4649b934ca495991b7852b855"
evaluator_digest = "sha256:e3b0c44298fc1c149afbf4c8996fb92427ae41e4649b934ca495991b7852b855"
digest = "sha256:008923edd175575826a1d1e3bb0081f70ad07284a63d6b152a176f12f46f9e4c"
