version = 2
project = "defer"
ir_kind = "td"
td_path = "apps/defer/tech-design"
generated_at = "2026-07-06T11:51:27.366681+00:00"
digest = "sha256:f4446910af1adaac8c7693899d048dbd96e29e85955aaa44ad9b14871d8c62e9"
source_digest = "sha256:f4446910af1adaac8c7693899d048dbd96e29e85955aaa44ad9b14871d8c62e9"
ir_digest = "sha256:d92cf25498d06428ae33b8bc9d61dc02fda14690a210a92b1f30e3df76d42081"

[[files]]
path = "README.md"
digest = "sha256:d751d129601932cd50c6492284779c36ea6082d916a4a98231fb25a89ad416f1"
ir_digest = "sha256:ffd60e3aff92c538315b70c3984361efaa6fab25e0af61264310a39a68b8cfcd"
section_count = 0

[[files]]
path = "logic/core-scheduler-priority-rate-dispatch.md"
digest = "sha256:b36794419869b94c73f925d9df873e9eea3494c52bfeef9bfa7093089ba419b7"
ir_digest = "sha256:24c899b7151fe527ca2305a1630c33df32e6afd7752688a735cb7006448588b1"
section_count = 4
