version = 2
project = "defer"
ir_kind = "td"
td_path = "apps/defer/tech-design"
generated_at = "2026-07-21T00:52:35.020084+00:00"
digest = "sha256:84ac6a4f9afca0868008deb6e1afd76fafdca85674c10c30b521c7165a1b05cd"
source_digest = "sha256:84ac6a4f9afca0868008deb6e1afd76fafdca85674c10c30b521c7165a1b05cd"
ir_digest = "sha256:f22b374f4a25f036b24adcb7fce78bbd8c0d6f70f7ad67479fabf2d5aa0de294"

[[files]]
path = "README.md"
digest = "sha256:d751d129601932cd50c6492284779c36ea6082d916a4a98231fb25a89ad416f1"
ir_digest = "sha256:ffd60e3aff92c538315b70c3984361efaa6fab25e0af61264310a39a68b8cfcd"
section_count = 0

[[files]]
path = "interfaces/cli/close-capability-claim-cli-interface-defer-cli-convention-and-ta.md"
digest = "sha256:d1abd62d41f6d8955aa7f6be039ffc142a7608c8296ac4c3f8960df650f3b25d"
ir_digest = "sha256:b3baa453f999dd40c4e142c01d5b2d6b41188405e1efbe3bb69f8cd45105d0dd"
section_count = 3

[[files]]
path = "interfaces/rest/close-capability-claim-http-2-api-list-h2c-openapi-route-list.md"
digest = "sha256:b8cc325748a1789fe65d26c29734b1fdd0ac7aaee1df4b25d4cd3fe11dbe3002"
ir_digest = "sha256:b83cfcb80e1c1a450f7ffe7b6cacf3e2d5606645d113beb370f905be4235620e"
section_count = 3

[[files]]
path = "logic/core-scheduler-priority-rate-dispatch.md"
digest = "sha256:151ac81fc5393bb59f4f72cebda92849761f18999a11bb52daecb1cffb5f0dea"
ir_digest = "sha256:07cb4cf4ce4511488dd7df7536455ca4fcea4f2dd5d10a81bb2895b7fbab9f4a"
section_count = 4

[[files]]
path = "logic/delayed-task-dispatch-service-placeholder.md"
digest = "sha256:0c1193be3675121329f78bdea33d80d7dfb01ec1694e402a04b47ec62a8ad7c3"
ir_digest = "sha256:7992fcc16385bf002a500722dc1cc4e7d240e11132dc86a053ef0369cc07f579"
section_count = 3

[[files]]
path = "logic/project-the-stateful-service-workload-baseline.md"
digest = "sha256:6f4ec93ad058cd9a6d96d4c11913ef4eb54a3343ef1b8e06156667435c1064be"
ir_digest = "sha256:0dac3e5356f54e5a4c24f3d6f4b86fcf3ce0b25a86f36c429e91ec63145393b5"
section_count = 3

[[files]]
path = "logic/repo-taxonomy-move-defer-from-projects-defer-to-apps-defer.md"
digest = "sha256:aa54050ef4ecf1bd1c19d3d5dbe58b356dc3891e808cc84f68e05a2df277e514"
ir_digest = "sha256:bcf4dfb79d726c5e5057744f93a78f5efa4aaacbc3727f2bf78230876b194824"
section_count = 4

[[files]]
path = "semantic/close-capability-claim-competitor-feature-parity-delayed-task-co.md"
digest = "sha256:7bc480aceefbb5fb08db7741944d58bef7de4e7c793889a5e12b8843cad6c070"
ir_digest = "sha256:2f5014c9d3f3fb656ae8e81ff10e68644cf4ef59d8b61d58ca4f68e288883ffd"
section_count = 3

[[files]]
path = "semantic/close-capability-claim-competitor-performance-delayed-task-compe.md"
digest = "sha256:15831233baebbccca7d37fb9c00940b4f952179a834b69255950186f08842a1f"
ir_digest = "sha256:95f6f0b636de219594376467b40eaea54d8d781fd41a4485ae1d09ec64da9d11"
section_count = 3

[[files]]
path = "semantic/close-capability-claim-long-running-stability-delayed-task-soak.md"
digest = "sha256:9fd63bac466e27255eb1876fc1a07387e38febdeda1bd7a5a45e2a4b9f497caa"
ir_digest = "sha256:82092331136dd3f2a7bde89ed8e3ca70f0cf33498fd89d89780eb02b94bdceee"
section_count = 3

[[files]]
path = "semantic/close-capability-claim-security-hardening-delayed-task-security.md"
digest = "sha256:3b8ffb84fac5ebc1422bcaa236731d40c567341263d1fb58dd09436b4f5179e8"
ir_digest = "sha256:bd095d066ce5e56b04bb81b878b43b561e75f74fd4a210220e0d10c206f4f23c"
section_count = 3
